// !$*UTF8*$!
{
	archiveVersion = 1;
	classes = {
	};
	objectVersion = 46;
	objects = {

/* Begin PBXBuildFile section */
		0458AD821D45ECE300A43A23 /* main.m in Sources */ = {isa = PBXBuildFile; fileRef = 0458AD811D45ECE300A43A23 /* main.m */; };
		0458AD851D45ECE300A43A23 /* AppDelegate.m in Sources */ = {isa = PBXBuildFile; fileRef = 0458AD841D45ECE300A43A23 /* AppDelegate.m */; };
		0458AD881D45ECE300A43A23 /* ViewController.m in Sources */ = {isa = PBXBuildFile; fileRef = 0458AD871D45ECE300A43A23 /* ViewController.m */; };
		0458AD8B1D45ECE300A43A23 /* Main.storyboard in Resources */ = {isa = PBXBuildFile; fileRef = 0458AD891D45ECE300A43A23 /* Main.storyboard */; };
		0458AD8D1D45ECE300A43A23 /* Assets.xcassets in Resources */ = {isa = PBXBuildFile; fileRef = 0458AD8C1D45ECE300A43A23 /* Assets.xcassets */; };
		0458AD901D45ECE300A43A23 /* LaunchScreen.storyboard in Resources */ = {isa = PBXBuildFile; fileRef = 0458AD8E1D45ECE300A43A23 /* LaunchScreen.storyboard */; };
/* End PBXBuildFile section */

/* Begin PBXFileReference section */
		0458AD7D1D45ECE300A43A23 /* GitDemo.app */ = {isa = PBXFileReference; explicitFileType = wrapper.application; includeInIndex = 0; path = GitDemo.app; sourceTree = BUILT_PRODUCTS_DIR; };
		0458AD811D45ECE300A43A23 /* main.m */ = {isa = PBXFileReference; lastKnownFileType = sourcecode.c.objc; path = main.m; sourceTree = "<group>"; };
		0458AD831D45ECE300A43A23 /* AppDelegate.h */ = {isa = PBXFileReference; lastKnownFileType = sourcecode.c.h; path = AppDelegate.h; sourceTree = "<group>"; };
		0458AD841D45ECE300A43A23 /* AppDelegate.m */ = {isa = PBXFileReference; lastKnownFileType = sourcecode.c.objc; path = AppDelegate.m; sourceTree = "<group>"; };
		0458AD861D45ECE300A43A23 /* ViewController.h */ = {isa = PBXFileReference; lastKnownFileType = sourcecode.c.h; path = ViewController.h; sourceTree = "<group>"; };
		0458AD871D45ECE300A43A23 /* ViewController.m */ = {isa = PBXFileReference; lastKnownFileType = sourcecode.c.objc; path = ViewController.m; sourceTree = "<group>"; };
		0458AD8A1D45ECE300A43A23 /* Base */ = {isa = PBXFileReference; lastKnownFileType = file.storyboard; name = Base; path = Base.lproj/Main.storyboard; sourceTree = "<group>"; };
		0458AD8C1D45ECE300A43A23 /* Assets.xcassets */ = {isa = PBXFileReference; lastKnownFileType = folder.assetcatalog; path = Assets.xcassets; sourceTree = "<group>"; };
		0458AD8F1D45ECE300A43A23 /* Base */ = {isa = PBXFileReference; lastKnownFileType = file.storyboard; name = Base; path = Base.lproj/LaunchScreen.storyboard; sourceTree = "<group>"; };
		0458AD911D45ECE300A43A23 /* Info.plist */ = {isa = PBXFileReference; lastKnownFileType = text.plist.xml; path = Info.plist; sourceTree = "<group>"; };
/* End PBXFileReference section */

/* Begin PBXFrameworksBuildPhase section */
		0458AD7A1D45ECE300A43A23 /* Frameworks */ = {
			isa = PBXFrameworksBuildPhase;
			buildActionMask = 2147483647;
			files = (
			);
			runOnlyForDeploymentPostprocessing = 0;
		};
/* End PBXFrameworksBuildPhase section */

/* Begin PBXGroup section */
		0458AD741D45ECE300A43A23 = {
			isa = PBXGroup;
			children = (
				0458AD7F1D45ECE300A43A23 /* GitDemo */,
				0458AD7E1D45ECE300A43A23 /* Products */,
			);
			sourceTree = "<group>";
		};
		0458AD7E1D45ECE300A43A23 /* Products */ = {
			isa = PBXGroup;
			children = (
				0458AD7D1D45ECE300A43A23 /* GitDemo.app */,
			);
			name = Products;
			sourceTree = "<group>";
		};
		0458AD7F1D45ECE300A43A23 /* GitDemo */ = {
			isa = PBXGroup;
			children = (
				0458AD831D45ECE300A43A23 /* AppDelegate.h */,
				0458AD841D45ECE300A43A23 /* AppDelegate.m */,
				0458AD861D45ECE300A43A23 /* ViewController.h */,
				0458AD871D45ECE300A43A23 /* ViewController.m */,
				0458AD891D45ECE300A43A23 /* Main.storyboard */,
				0458AD8C1D45ECE300A43A23 /* Assets.xcassets */,
				0458AD8E1D45ECE300A43A23 /* LaunchScreen.storyboard */,
				0458AD911D45ECE300A43A23 /* Info.plist */,
				0458AD801D45ECE300A43A23 /* Supporting Files */,
			);
			path = GitDemo;
			sourceTree = "<group>";
		};
		0458AD801D45ECE300A43A23 /* Supporting Files */ = {
			isa = PBXGroup;
			children = (
				0458AD811D45ECE300A43A23 /* main.m */,
			);
			name = "Supporting Files";
			sourceTree = "<group>";
		};
/* End PBXGroup section */

/* Begin PBXNativeTarget section */
		0458AD7C1D45ECE300A43A23 /* GitDemo */ = {
			isa = PBXNativeTarget;
			buildConfigurationList = 0458AD941D45ECE300A43A23 /* Build configuration list for PBXNativeTarget "GitDemo" */;
			buildPhases = (
				0458AD791D45ECE300A43A23 /* Sources */,
				0458AD7A1D45ECE300A43A23 /* Frameworks */,
				0458AD7B1D45ECE300A43A23 /* Resources */,
			);
			buildRules = (
			);
			dependencies = (
			);
			name = GitDemo;
			productName = GitDemo;
			productReference = 0458AD7D1D45ECE300A43A23 /* GitDemo.app */;
			productType = "com.apple.product-type.application";
		};
/* End PBXNativeTarget section */

/* Begin PBXProject section */
		0458AD751D45ECE300A43A23 /* Project object */ = {
			isa = PBXProject;
			attributes = {
				LastUpgradeCheck = 0730;
				ORGANIZATIONNAME = "杨木";
				TargetAttributes = {
					0458AD7C1D45ECE300A43A23 = {
						CreatedOnToolsVersion = 7.3.1;
					};
				};
			};
			buildConfigurationList = 0458AD781D45ECE300A43A23 /* Build configuration list for PBXProject "GitDemo" */;
			compatibilityVersion = "Xcode 3.2";
			developmentRegion = English;
			hasScannedForEncodings = 0;
			knownRegions = (
				en,
				Base,
			);
			mainGroup = 0458AD741D45ECE300A43A23;
			productRefGroup = 0458AD7E1D45ECE300A43A23 /* Products */;
			projectDirPath = "";
			projectRoot = "";
			targets = (
				0458AD7C1D45ECE300A43A23 /* GitDemo */,
			);
		};
/* End PBXProject section */

/* Begin PBXResourcesBuildPhase section */
		0458AD7B1D45ECE300A43A23 /* Resources */ = {
			isa = PBXResourcesBuildPhase;
			buildActionMask = 2147483647;
			files = (
				0458AD901D45ECE300A43A23 /* LaunchScreen.storyboard in Resources */,
				0458AD8D1D45ECE300A43A23 /* Assets.xcassets in Resources */,
				0458AD8B1D45ECE300A43A23 /* Main.storyboard in Resources */,
			);
			runOnlyForDeploymentPostprocessing = 0;
		};
/* End PBXResourcesBuildPhase section */

/* Begin PBXSourcesBuildPhase section */
		0458AD791D45ECE300A43A23 /* Sources */ = {
			isa = PBXSourcesBuildPhase;
			buildActionMask = 2147483647;
			files = (
				0458AD881D45ECE300A43A23 /* ViewController.m in Sources */,
				0458AD851D45ECE300A43A23 /* AppDelegate.m in Sources */,
				0458AD821D45ECE300A43A23 /* main.m in Sources */,
			);
			runOnlyForDeploymentPostprocessing = 0;
		};
/* End PBXSourcesBuildPhase section */

/* Begin PBXVariantGroup section */
		0458AD891D45ECE300A43A23 /* Main.storyboard */ = {
			isa = PBXVariantGroup;
			children = (
				0458AD8A1D45ECE300A43A23 /* Base */,
			);
			name = Main.storyboard;
			sourceTree = "<group>";
		};
		0458AD8E1D45ECE300A43A23 /* LaunchScreen.storyboard */ = {
			isa = PBXVariantGroup;
			children = (
				0458AD8F1D45ECE300A43A23 /* Base */,
			);
			name = LaunchScreen.storyboard;
			sourceTree = "<group>";
		};
/* End PBXVariantGroup section */

/* Begin XCBuildConfiguration section */
		0458AD921D45ECE300A43A23 /* Debug */ = {
			isa = XCBuildConfiguration;
			buildSettings = {
				ALWAYS_SEARCH_USER_PATHS = NO;
				CLANG_ANALYZER_NONNULL = YES;
				CLANG_CXX_LANGUAGE_STANDARD = "gnu++0x";
				CLANG_CXX_LIBRARY = "libc++";
				CLANG_ENABLE_MODULES = YES;
				CLANG_ENABLE_OBJC_ARC = YES;
				CLANG_WARN_BOOL_CONVERSION = YES;
				CLANG_WARN_CONSTANT_CONVERSION = YES;
				CLANG_WARN_DIRECT_OBJC_ISA_USAGE = YES_ERROR;
				CLANG_WARN_EMPTY_BODY = YES;
				CLANG_WARN_ENUM_CONVERSION = YES;
				CLANG_WARN_INT_CONVERSION = YES;
				CLANG_WARN_OBJC_ROOT_CLASS = YES_ERROR;
				CLANG_WARN_UNREACHABLE_CODE = YES;
				CLANG_WARN__DUPLICATE_METHOD_MATCH = YES;
				"CODE_SIGN_IDENTITY[sdk=iphoneos*]" = "iPhone Developer";
				COPY_PHASE_STRIP = NO;
				DEBUG_INFORMATION_FORMAT = dwarf;
				ENABLE_STRICT_OBJC_MSGSEND = YES;
				ENABLE_TESTABILITY = YES;
				GCC_C_LANGUAGE_STANDARD = gnu99;
				GCC_DYNAMIC_NO_PIC = NO;
				GCC_NO_COMMON_BLOCKS = YES;
				GCC_OPTIMIZATION_LEVEL = 0;
				GCC_PREPROCESSOR_DEFINITIONS = (
					"DEBUG=1",
					"$(inherited)",
				);
				GCC_WARN_64_TO_32_BIT_CONVERSION = YES;
				GCC_WARN_ABOUT_RETURN_TYPE = YES_ERROR;
				GCC_WARN_UNDECLARED_SELECTOR = YES;
				GCC_WARN_UNINITIALIZED_AUTOS = YES_AGGRESSIVE;
				GCC_WARN_UNUSED_FUNCTION = YES;
				GCC_WARN_UNUSED_VARIABLE = YES;
				IPHONEOS_DEPLOYMENT_TARGET = 9.3;
				MTL_ENABLE_DEBUG_INFO = YES;
				ONLY_ACTIVE_ARCH = YES;
				SDKROOT = iphoneos;
			};
			name = Debug;
		};
		0458AD931D45ECE300A43A23 /* Release */ = {
			isa = XCBuildConfiguration;
			buildSettings = {
				ALWAYS_SEARCH_USER_PATHS = NO;
				CLANG_ANALYZER_NONNULL = YES;
				CLANG_CXX_LANGUAGE_STANDARD = "gnu++0x";
				CLANG_CXX_LIBRARY = "libc++";
				CLANG_ENABLE_MODULES = YES;
				CLANG_ENABLE_OBJC_ARC = YES;
				CLANG_WARN_BOOL_CONVERSION = YES;
				CLANG_WARN_CONSTANT_CONVERSION = YES;
				CLANG_WARN_DIRECT_OBJC_ISA_USAGE = YES_ERROR;
				CLANG_WARN_EMPTY_BODY = YES;
				CLANG_WARN_ENUM_CONVERSION = YES;
				CLANG_WARN_INT_CONVERSION = YES;
				CLANG_WARN_OBJC_ROOT_CLASS = YES_ERROR;
				CLANG_WARN_UNREACHABLE_CODE = YES;
				CLANG_WARN__DUPLICATE_METHOD_MATCH = YES;
				"CODE_SIGN_IDENTITY[sdk=iphoneos*]" = "iPhone Developer";
				COPY_PHASE_STRIP = NO;
				DEBUG_INFORMATION_FORMAT = "dwarf-with-dsym";
				ENABLE_NS_ASSERTIONS = NO;
				ENABLE_STRICT_OBJC_MSGSEND = YES;
				GCC_C_LANGUAGE_STANDARD = gnu99;
				GCC_NO_COMMON_BLOCKS = YES;
				GCC_WARN_64_TO_32_BIT_CONVERSION = YES;
				GCC_WARN_ABOUT_RETURN_TYPE = YES_ERROR;
				GCC_WARN_UNDECLARED_SELECTOR = YES;
				GCC_WARN_UNINITIALIZED_AUTOS = YES_AGGRESSIVE;
				GCC_WARN_UNUSED_FUNCTION = YES;
				GCC_WARN_UNUSED_VARIABLE = YES;
				IPHONEOS_DEPLOYMENT_TARGET = 9.3;
				MTL_ENABLE_DEBUG_INFO = NO;
				SDKROOT = iphoneos;
				VALIDATE_PRODUCT = YES;
			};
			name = Release;
		};
		0458AD951D45ECE300A43A23 /* Debug */ = {
			isa = XCBuildConfiguration;
			buildSettings = {
				ASSETCATALOG_COMPILER_APPICON_NAME = AppIcon;
				INFOPLIST_FILE = GitDemo/Info.plist;
				LD_RUNPATH_SEARCH_PATHS = "$(inherited) @executable_path/Frameworks";
				PRODUCT_BUNDLE_IDENTIFIER = com.it.GitDemo;
				PRODUCT_NAME = "$(TARGET_NAME)";
			};
			name = Debug;
		};
		0458AD961D45ECE300A43A23 /* Release */ = {
			isa = XCBuildConfiguration;
			buildSettings = {
				ASSETCATALOG_COMPILER_APPICON_NAME = AppIcon;
				INFOPLIST_FILE = GitDemo/Info.plist;
				LD_RUNPATH_SEARCH_PATHS = "$(inherited) @executable_path/Frameworks";
				PRODUCT_BUNDLE_IDENTIFIER = com.it.GitDemo;
				PRODUCT_NAME = "$(TARGET_NAME)";
			};
			name = Release;
		};
/* End XCBuildConfiguration section */

/* Begin XCConfigurationList section */
		0458AD781D45ECE300A43A23 /* Build configuration list for PBXProject "GitDemo" */ = {
			isa = XCConfigurationList;
			buildConfigurations = (
				0458AD921D45ECE300A43A23 /* Debug */,
				0458AD931D45ECE300A43A23 /* Release */,
			);
			defaultConfigurationIsVisible = 0;
			defaultConfigurationName = Release;
		};
		0458AD941D45ECE300A43A23 /* Build configuration list for PBXNativeTarget "GitDemo" */ = {
			isa = XCConfigurationList;
			buildConfigurations = (
				0458AD951D45ECE300A43A23 /* Debug */,
				0458AD961D45ECE300A43A23 /* Release */,
			);
			defaultConfigurationIsVisible = 0;
		};
/* End XCConfigurationList section */
	};
	rootObject = 0458AD751D45ECE300A43A23 /* Project object */;
}
